
Microsoft Visual Studio Solution File, Format Version 12.00
# Visual Studio Version 16
VisualStudioVersion = 16.0.29920.165
MinimumVisualStudioVersion = 10.0.40219.1
Project("{FAE04EC0-301F-11D3-BF4B-00C04F79EFBC}") = "AplicacionEscritorio", "AplicacionEscritorio\AplicacionEscritorio.csproj", "{4D0DB138-112A-481F-9778-6DAA95333697}"
EndProject
Global
	GlobalSection(SolutionConfigurationPlatforms) = preSolution
		Debug|Any CPU = Debug|Any CPU
		Release|Any CPU = Release|Any CPU
	EndGlobalSection
	GlobalSection(ProjectConfigurationPlatforms) = postSolution
		{4D0DB138-112A-481F-9778-6DAA95333697}.Debug|Any CPU.ActiveCfg = Debug|Any CPU
		{4D0DB138-112A-481F-9778-6DAA95333697}.Debug|Any CPU.Build.0 = Debug|Any CPU
		{4D0DB138-112A-481F-9778-6DAA95333697}.Release|Any CPU.ActiveCfg = Release|Any CPU
		{4D0DB138-112A-481F-9778-6DAA95333697}.Release|Any CPU.Build.0 = Release|Any CPU
	EndGlobalSection
	GlobalSection(SolutionProperties) = preSolution
		HideSolutionNode = FALSE
	EndGlobalSection
	GlobalSection(ExtensibilityGlobals) = postSolution
		SolutionGuid = {E5D5AE1B-1B36-47E0-9FDF-BCBF4334B6E1}
	EndGlobalSection
EndGlobal
